
Microsoft Visual Studio Solution File, Format Version 12.00
# Visual Studio 14
VisualStudioVersion = 14.0.24720.0
MinimumVisualStudioVersion = 10.0.40219.1
Project("{FAE04EC0-301F-11D3-BF4B-00C04F79EFBC}") = "PhotoExplorer.Web", "PhotoExplorer.Web\PhotoExplorer.Web.csproj", "{24F10BD1-F33B-4130-9714-B47B3EEB17C7}"
EndProject
Project("{FAE04EC0-301F-11D3-BF4B-00C04F79EFBC}") = "PhotoExplorer.Tests", "PhotoExplorer.Tests\PhotoExplorer.Tests.csproj", "{58E83D35-0EF9-4F91-9A9D-EEAB92DFF7AD}"
EndProject
Project("{FAE04EC0-301F-11D3-BF4B-00C04F79EFBC}") = "PhotoExplorer.Data", "PhotoExplorer.Data\PhotoExplorer.Data.csproj", "{D87C515C-C92E-4420-A577-886AE89296BC}"
EndProject
Global
	GlobalSection(SolutionConfigurationPlatforms) = preSolution
		Debug|Any CPU = Debug|Any CPU
		Release|Any CPU = Release|Any CPU
	EndGlobalSection
	GlobalSection(ProjectConfigurationPlatforms) = postSolution
		{24F10BD1-F33B-4130-9714-B47B3EEB17C7}.Debug|Any CPU.ActiveCfg = Debug|Any CPU
		{24F10BD1-F33B-4130-9714-B47B3EEB17C7}.Debug|Any CPU.Build.0 = Debug|Any CPU
		{24F10BD1-F33B-4130-9714-B47B3EEB17C7}.Release|Any CPU.ActiveCfg = Release|Any CPU
		{24F10BD1-F33B-4130-9714-B47B3EEB17C7}.Release|Any CPU.Build.0 = Release|Any CPU
		{58E83D35-0EF9-4F91-9A9D-EEAB92DFF7AD}.Debug|Any CPU.ActiveCfg = Debug|Any CPU
		{58E83D35-0EF9-4F91-9A9D-EEAB92DFF7AD}.Debug|Any CPU.Build.0 = Debug|Any CPU
		{58E83D35-0EF9-4F91-9A9D-EEAB92DFF7AD}.Release|Any CPU.ActiveCfg = Release|Any CPU
		{58E83D35-0EF9-4F91-9A9D-EEAB92DFF7AD}.Release|Any CPU.Build.0 = Release|Any CPU
		{D87C515C-C92E-4420-A577-886AE89296BC}.Debug|Any CPU.ActiveCfg = Debug|Any CPU
		{D87C515C-C92E-4420-A577-886AE89296BC}.Debug|Any CPU.Build.0 = Debug|Any CPU
		{D87C515C-C92E-4420-A577-886AE89296BC}.Release|Any CPU.ActiveCfg = Release|Any CPU
		{D87C515C-C92E-4420-A577-886AE89296BC}.Release|Any CPU.Build.0 = Release|Any CPU
	EndGlobalSection
	GlobalSection(SolutionProperties) = preSolution
		HideSolutionNode = FALSE
	EndGlobalSection
EndGlobal
