
Microsoft Visual Studio Solution File, Format Version 12.00
# Visual Studio 14
VisualStudioVersion = 14.0.24720.0
MinimumVisualStudioVersion = 10.0.40219.1
Project("{FAE04EC0-301F-11D3-BF4B-00C04F79EFBC}") = "Contacts.Web", "Contacts.Web\Contacts.Web.csproj", "{FF877B56-F56D-4CCB-8672-0B1181FAEB94}"
EndProject
Project("{FAE04EC0-301F-11D3-BF4B-00C04F79EFBC}") = "Contacts.Tests", "Contacts.Tests\Contacts.Tests.csproj", "{BC6BCE37-DAC5-480E-BF12-42411355A409}"
EndProject
Project("{FAE04EC0-301F-11D3-BF4B-00C04F79EFBC}") = "Contacts.Data", "Contacts.Data\Contacts.Data.csproj", "{DAB5E167-9B11-4978-A177-CF7CEF1FE92B}"
EndProject
Global
	GlobalSection(SolutionConfigurationPlatforms) = preSolution
		Debug|Any CPU = Debug|Any CPU
		Release|Any CPU = Release|Any CPU
	EndGlobalSection
	GlobalSection(ProjectConfigurationPlatforms) = postSolution
		{FF877B56-F56D-4CCB-8672-0B1181FAEB94}.Debug|Any CPU.ActiveCfg = Debug|Any CPU
		{FF877B56-F56D-4CCB-8672-0B1181FAEB94}.Debug|Any CPU.Build.0 = Debug|Any CPU
		{FF877B56-F56D-4CCB-8672-0B1181FAEB94}.Release|Any CPU.ActiveCfg = Release|Any CPU
		{FF877B56-F56D-4CCB-8672-0B1181FAEB94}.Release|Any CPU.Build.0 = Release|Any CPU
		{BC6BCE37-DAC5-480E-BF12-42411355A409}.Debug|Any CPU.ActiveCfg = Debug|Any CPU
		{BC6BCE37-DAC5-480E-BF12-42411355A409}.Debug|Any CPU.Build.0 = Debug|Any CPU
		{BC6BCE37-DAC5-480E-BF12-42411355A409}.Release|Any CPU.ActiveCfg = Release|Any CPU
		{BC6BCE37-DAC5-480E-BF12-42411355A409}.Release|Any CPU.Build.0 = Release|Any CPU
		{DAB5E167-9B11-4978-A177-CF7CEF1FE92B}.Debug|Any CPU.ActiveCfg = Debug|Any CPU
		{DAB5E167-9B11-4978-A177-CF7CEF1FE92B}.Debug|Any CPU.Build.0 = Debug|Any CPU
		{DAB5E167-9B11-4978-A177-CF7CEF1FE92B}.Release|Any CPU.ActiveCfg = Release|Any CPU
		{DAB5E167-9B11-4978-A177-CF7CEF1FE92B}.Release|Any CPU.Build.0 = Release|Any CPU
	EndGlobalSection
	GlobalSection(SolutionProperties) = preSolution
		HideSolutionNode = FALSE
	EndGlobalSection
EndGlobal
